// !$*UTF8*$!
{
	archiveVersion = 1;
	classes = {
	};
	objectVersion = 46;
	objects = {

/* Begin PBXAggregateTarget section */
		"QfxConverter::QfxConverterPackageTests::ProductTarget" /* QfxConverterPackageTests */ = {
			isa = PBXAggregateTarget;
			buildConfigurationList = OBJ_85 /* Build configuration list for PBXAggregateTarget "QfxConverterPackageTests" */;
			buildPhases = (
			);
			dependencies = (
				OBJ_88 /* PBXTargetDependency */,
			);
			name = QfxConverterPackageTests;
			productName = QfxConverterPackageTests;
		};
/* End PBXAggregateTarget section */

/* Begin PBXBuildFile section */
		OBJ_41 /* Package.swift in Sources */ = {isa = PBXBuildFile; fileRef = OBJ_6 /* Package.swift */; };
		OBJ_47 /* OfxMapTests.swift in Sources */ = {isa = PBXBuildFile; fileRef = OBJ_27 /* OfxMapTests.swift */; };
		OBJ_48 /* OfxValueTests.swift in Sources */ = {isa = PBXBuildFile; fileRef = OBJ_28 /* OfxValueTests.swift */; };
		OBJ_49 /* QfxV1ParserTests.swift in Sources */ = {isa = PBXBuildFile; fileRef = OBJ_29 /* QfxV1ParserTests.swift */; };
		OBJ_50 /* QqlResultsConverterTests.swift in Sources */ = {isa = PBXBuildFile; fileRef = OBJ_30 /* QqlResultsConverterTests.swift */; };
		OBJ_51 /* QqlSelectQueryTests.swift in Sources */ = {isa = PBXBuildFile; fileRef = OBJ_31 /* QqlSelectQueryTests.swift */; };
		OBJ_53 /* QfxConverterLib.framework in Frameworks */ = {isa = PBXBuildFile; fileRef = "QfxConverter::QfxConverterLib::Product" /* QfxConverterLib.framework */; };
		OBJ_61 /* Converter.swift in Sources */ = {isa = PBXBuildFile; fileRef = OBJ_22 /* Converter.swift */; };
		OBJ_62 /* ObjCBool+linux.swift in Sources */ = {isa = PBXBuildFile; fileRef = OBJ_23 /* ObjCBool+linux.swift */; };
		OBJ_63 /* main.swift in Sources */ = {isa = PBXBuildFile; fileRef = OBJ_24 /* main.swift */; };
		OBJ_65 /* QfxConverterLib.framework in Frameworks */ = {isa = PBXBuildFile; fileRef = "QfxConverter::QfxConverterLib::Product" /* QfxConverterLib.framework */; };
		OBJ_71 /* OfxMap.swift in Sources */ = {isa = PBXBuildFile; fileRef = OBJ_9 /* OfxMap.swift */; };
		OBJ_72 /* OfxValue.swift in Sources */ = {isa = PBXBuildFile; fileRef = OBJ_10 /* OfxValue.swift */; };
		OBJ_73 /* QfxFormatError.swift in Sources */ = {isa = PBXBuildFile; fileRef = OBJ_11 /* QfxFormatError.swift */; };
		OBJ_74 /* QfxObject.swift in Sources */ = {isa = PBXBuildFile; fileRef = OBJ_12 /* QfxObject.swift */; };
		OBJ_75 /* QfxParser.swift in Sources */ = {isa = PBXBuildFile; fileRef = OBJ_13 /* QfxParser.swift */; };
		OBJ_76 /* QfxV1Parser.swift in Sources */ = {isa = PBXBuildFile; fileRef = OBJ_14 /* QfxV1Parser.swift */; };
		OBJ_77 /* QfxV2Parser.swift in Sources */ = {isa = PBXBuildFile; fileRef = OBJ_15 /* QfxV2Parser.swift */; };
		OBJ_78 /* QqlArgument.swift in Sources */ = {isa = PBXBuildFile; fileRef = OBJ_16 /* QqlArgument.swift */; };
		OBJ_79 /* QqlQuery.swift in Sources */ = {isa = PBXBuildFile; fileRef = OBJ_17 /* QqlQuery.swift */; };
		OBJ_80 /* QqlResultsConverter.swift in Sources */ = {isa = PBXBuildFile; fileRef = OBJ_18 /* QqlResultsConverter.swift */; };
		OBJ_81 /* QqlSelectQuery.swift in Sources */ = {isa = PBXBuildFile; fileRef = OBJ_19 /* QqlSelectQuery.swift */; };
		OBJ_82 /* String+subscript.swift in Sources */ = {isa = PBXBuildFile; fileRef = OBJ_20 /* String+subscript.swift */; };
/* End PBXBuildFile section */

/* Begin PBXContainerItemProxy section */
		4DE7DC02206A0420004B3631 /* PBXContainerItemProxy */ = {
			isa = PBXContainerItemProxy;
			containerPortal = OBJ_1 /* Project object */;
			proxyType = 1;
			remoteGlobalIDString = "QfxConverter::QfxConverterLib";
			remoteInfo = QfxConverterLib;
		};
		4DE7DC03206A0420004B3631 /* PBXContainerItemProxy */ = {
			isa = PBXContainerItemProxy;
			containerPortal = OBJ_1 /* Project object */;
			proxyType = 1;
			remoteGlobalIDString = "QfxConverter::QfxConverterLib";
			remoteInfo = QfxConverterLib;
		};
		4DE7DC04206A0422004B3631 /* PBXContainerItemProxy */ = {
			isa = PBXContainerItemProxy;
			containerPortal = OBJ_1 /* Project object */;
			proxyType = 1;
			remoteGlobalIDString = "QfxConverter::QfxConverterTests";
			remoteInfo = QfxConverterTests;
		};
/* End PBXContainerItemProxy section */

/* Begin PBXFileReference section */
		OBJ_10 /* OfxValue.swift */ = {isa = PBXFileReference; lastKnownFileType = sourcecode.swift; path = OfxValue.swift; sourceTree = "<group>"; };
		OBJ_11 /* QfxFormatError.swift */ = {isa = PBXFileReference; lastKnownFileType = sourcecode.swift; path = QfxFormatError.swift; sourceTree = "<group>"; };
		OBJ_12 /* QfxObject.swift */ = {isa = PBXFileReference; lastKnownFileType = sourcecode.swift; path = QfxObject.swift; sourceTree = "<group>"; };
		OBJ_13 /* QfxParser.swift */ = {isa = PBXFileReference; lastKnownFileType = sourcecode.swift; path = QfxParser.swift; sourceTree = "<group>"; };
		OBJ_14 /* QfxV1Parser.swift */ = {isa = PBXFileReference; lastKnownFileType = sourcecode.swift; path = QfxV1Parser.swift; sourceTree = "<group>"; };
		OBJ_15 /* QfxV2Parser.swift */ = {isa = PBXFileReference; lastKnownFileType = sourcecode.swift; path = QfxV2Parser.swift; sourceTree = "<group>"; };
		OBJ_16 /* QqlArgument.swift */ = {isa = PBXFileReference; lastKnownFileType = sourcecode.swift; path = QqlArgument.swift; sourceTree = "<group>"; };
		OBJ_17 /* QqlQuery.swift */ = {isa = PBXFileReference; lastKnownFileType = sourcecode.swift; path = QqlQuery.swift; sourceTree = "<group>"; };
		OBJ_18 /* QqlResultsConverter.swift */ = {isa = PBXFileReference; lastKnownFileType = sourcecode.swift; path = QqlResultsConverter.swift; sourceTree = "<group>"; };
		OBJ_19 /* QqlSelectQuery.swift */ = {isa = PBXFileReference; lastKnownFileType = sourcecode.swift; path = QqlSelectQuery.swift; sourceTree = "<group>"; };
		OBJ_20 /* String+subscript.swift */ = {isa = PBXFileReference; lastKnownFileType = sourcecode.swift; path = "String+subscript.swift"; sourceTree = "<group>"; };
		OBJ_22 /* Converter.swift */ = {isa = PBXFileReference; lastKnownFileType = sourcecode.swift; path = Converter.swift; sourceTree = "<group>"; };
		OBJ_23 /* ObjCBool+linux.swift */ = {isa = PBXFileReference; lastKnownFileType = sourcecode.swift; path = "ObjCBool+linux.swift"; sourceTree = "<group>"; };
		OBJ_24 /* main.swift */ = {isa = PBXFileReference; lastKnownFileType = sourcecode.swift; path = main.swift; sourceTree = "<group>"; };
		OBJ_27 /* OfxMapTests.swift */ = {isa = PBXFileReference; lastKnownFileType = sourcecode.swift; path = OfxMapTests.swift; sourceTree = "<group>"; };
		OBJ_28 /* OfxValueTests.swift */ = {isa = PBXFileReference; lastKnownFileType = sourcecode.swift; path = OfxValueTests.swift; sourceTree = "<group>"; };
		OBJ_29 /* QfxV1ParserTests.swift */ = {isa = PBXFileReference; lastKnownFileType = sourcecode.swift; path = QfxV1ParserTests.swift; sourceTree = "<group>"; };
		OBJ_30 /* QqlResultsConverterTests.swift */ = {isa = PBXFileReference; lastKnownFileType = sourcecode.swift; path = QqlResultsConverterTests.swift; sourceTree = "<group>"; };
		OBJ_31 /* QqlSelectQueryTests.swift */ = {isa = PBXFileReference; lastKnownFileType = sourcecode.swift; path = QqlSelectQueryTests.swift; sourceTree = "<group>"; };
		OBJ_6 /* Package.swift */ = {isa = PBXFileReference; explicitFileType = sourcecode.swift; path = Package.swift; sourceTree = "<group>"; };
		OBJ_9 /* OfxMap.swift */ = {isa = PBXFileReference; lastKnownFileType = sourcecode.swift; path = OfxMap.swift; sourceTree = "<group>"; };
		"QfxConverter::QfxConverter::Product" /* QfxConverter */ = {isa = PBXFileReference; lastKnownFileType = text; path = QfxConverter; sourceTree = BUILT_PRODUCTS_DIR; };
		"QfxConverter::QfxConverterLib::Product" /* QfxConverterLib.framework */ = {isa = PBXFileReference; explicitFileType = wrapper.framework; path = QfxConverterLib.framework; sourceTree = BUILT_PRODUCTS_DIR; };
		"QfxConverter::QfxConverterTests::Product" /* QfxConverterTests.xctest */ = {isa = PBXFileReference; lastKnownFileType = file; path = QfxConverterTests.xctest; sourceTree = BUILT_PRODUCTS_DIR; };
/* End PBXFileReference section */

/* Begin PBXFrameworksBuildPhase section */
		OBJ_52 /* Frameworks */ = {
			isa = PBXFrameworksBuildPhase;
			buildActionMask = 0;
			files = (
				OBJ_53 /* QfxConverterLib.framework in Frameworks */,
			);
			runOnlyForDeploymentPostprocessing = 0;
		};
		OBJ_64 /* Frameworks */ = {
			isa = PBXFrameworksBuildPhase;
			buildActionMask = 0;
			files = (
				OBJ_65 /* QfxConverterLib.framework in Frameworks */,
			);
			runOnlyForDeploymentPostprocessing = 0;
		};
		OBJ_83 /* Frameworks */ = {
			isa = PBXFrameworksBuildPhase;
			buildActionMask = 0;
			files = (
			);
			runOnlyForDeploymentPostprocessing = 0;
		};
/* End PBXFrameworksBuildPhase section */

/* Begin PBXGroup section */
		OBJ_21 /* QfxConverter */ = {
			isa = PBXGroup;
			children = (
				OBJ_22 /* Converter.swift */,
				OBJ_23 /* ObjCBool+linux.swift */,
				OBJ_24 /* main.swift */,
			);
			name = QfxConverter;
			path = Sources/QfxConverter;
			sourceTree = SOURCE_ROOT;
		};
		OBJ_25 /* Tests */ = {
			isa = PBXGroup;
			children = (
				OBJ_26 /* QfxConverterTests */,
			);
			name = Tests;
			sourceTree = SOURCE_ROOT;
		};
		OBJ_26 /* QfxConverterTests */ = {
			isa = PBXGroup;
			children = (
				OBJ_27 /* OfxMapTests.swift */,
				OBJ_28 /* OfxValueTests.swift */,
				OBJ_29 /* QfxV1ParserTests.swift */,
				OBJ_30 /* QqlResultsConverterTests.swift */,
				OBJ_31 /* QqlSelectQueryTests.swift */,
			);
			name = QfxConverterTests;
			path = Tests/QfxConverterTests;
			sourceTree = SOURCE_ROOT;
		};
		OBJ_32 /* Products */ = {
			isa = PBXGroup;
			children = (
				"QfxConverter::QfxConverterTests::Product" /* QfxConverterTests.xctest */,
				"QfxConverter::QfxConverter::Product" /* QfxConverter */,
				"QfxConverter::QfxConverterLib::Product" /* QfxConverterLib.framework */,
			);
			name = Products;
			sourceTree = BUILT_PRODUCTS_DIR;
		};
		OBJ_5 /*  */ = {
			isa = PBXGroup;
			children = (
				OBJ_6 /* Package.swift */,
				OBJ_7 /* Sources */,
				OBJ_25 /* Tests */,
				OBJ_32 /* Products */,
			);
			name = "";
			sourceTree = "<group>";
		};
		OBJ_7 /* Sources */ = {
			isa = PBXGroup;
			children = (
				OBJ_8 /* QfxConverterLib */,
				OBJ_21 /* QfxConverter */,
			);
			name = Sources;
			sourceTree = SOURCE_ROOT;
		};
		OBJ_8 /* QfxConverterLib */ = {
			isa = PBXGroup;
			children = (
				OBJ_9 /* OfxMap.swift */,
				OBJ_10 /* OfxValue.swift */,
				OBJ_11 /* QfxFormatError.swift */,
				OBJ_12 /* QfxObject.swift */,
				OBJ_13 /* QfxParser.swift */,
				OBJ_14 /* QfxV1Parser.swift */,
				OBJ_15 /* QfxV2Parser.swift */,
				OBJ_16 /* QqlArgument.swift */,
				OBJ_17 /* QqlQuery.swift */,
				OBJ_18 /* QqlResultsConverter.swift */,
				OBJ_19 /* QqlSelectQuery.swift */,
				OBJ_20 /* String+subscript.swift */,
			);
			name = QfxConverterLib;
			path = Sources/QfxConverterLib;
			sourceTree = SOURCE_ROOT;
		};
/* End PBXGroup section */

/* Begin PBXNativeTarget section */
		"QfxConverter::QfxConverter" /* QfxConverter */ = {
			isa = PBXNativeTarget;
			buildConfigurationList = OBJ_57 /* Build configuration list for PBXNativeTarget "QfxConverter" */;
			buildPhases = (
				OBJ_60 /* Sources */,
				OBJ_64 /* Frameworks */,
			);
			buildRules = (
			);
			dependencies = (
				OBJ_66 /* PBXTargetDependency */,
			);
			name = QfxConverter;
			productName = QfxConverter;
			productReference = "QfxConverter::QfxConverter::Product" /* QfxConverter */;
			productType = "com.apple.product-type.tool";
		};
		"QfxConverter::QfxConverterLib" /* QfxConverterLib */ = {
			isa = PBXNativeTarget;
			buildConfigurationList = OBJ_67 /* Build configuration list for PBXNativeTarget "QfxConverterLib" */;
			buildPhases = (
				OBJ_70 /* Sources */,
				OBJ_83 /* Frameworks */,
			);
			buildRules = (
			);
			dependencies = (
			);
			name = QfxConverterLib;
			productName = QfxConverterLib;
			productReference = "QfxConverter::QfxConverterLib::Product" /* QfxConverterLib.framework */;
			productType = "com.apple.product-type.framework";
		};
		"QfxConverter::QfxConverterTests" /* QfxConverterTests */ = {
			isa = PBXNativeTarget;
			buildConfigurationList = OBJ_43 /* Build configuration list for PBXNativeTarget "QfxConverterTests" */;
			buildPhases = (
				OBJ_46 /* Sources */,
				OBJ_52 /* Frameworks */,
			);
			buildRules = (
			);
			dependencies = (
				OBJ_54 /* PBXTargetDependency */,
			);
			name = QfxConverterTests;
			productName = QfxConverterTests;
			productReference = "QfxConverter::QfxConverterTests::Product" /* QfxConverterTests.xctest */;
			productType = "com.apple.product-type.bundle.unit-test";
		};
		"QfxConverter::SwiftPMPackageDescription" /* QfxConverterPackageDescription */ = {
			isa = PBXNativeTarget;
			buildConfigurationList = OBJ_37 /* Build configuration list for PBXNativeTarget "QfxConverterPackageDescription" */;
			buildPhases = (
				OBJ_40 /* Sources */,
			);
			buildRules = (
			);
			dependencies = (
			);
			name = QfxConverterPackageDescription;
			productName = QfxConverterPackageDescription;
			productType = "com.apple.product-type.framework";
		};
/* End PBXNativeTarget section */

/* Begin PBXProject section */
		OBJ_1 /* Project object */ = {
			isa = PBXProject;
			attributes = {
				LastUpgradeCheck = 9999;
			};
			buildConfigurationList = OBJ_2 /* Build configuration list for PBXProject "QfxConverter" */;
			compatibilityVersion = "Xcode 3.2";
			developmentRegion = English;
			hasScannedForEncodings = 0;
			knownRegions = (
				en,
			);
			mainGroup = OBJ_5 /*  */;
			productRefGroup = OBJ_32 /* Products */;
			projectDirPath = "";
			projectRoot = "";
			targets = (
				"QfxConverter::SwiftPMPackageDescription" /* QfxConverterPackageDescription */,
				"QfxConverter::QfxConverterTests" /* QfxConverterTests */,
				"QfxConverter::QfxConverter" /* QfxConverter */,
				"QfxConverter::QfxConverterLib" /* QfxConverterLib */,
				"QfxConverter::QfxConverterPackageTests::ProductTarget" /* QfxConverterPackageTests */,
			);
		};
/* End PBXProject section */

/* Begin PBXSourcesBuildPhase section */
		OBJ_40 /* Sources */ = {
			isa = PBXSourcesBuildPhase;
			buildActionMask = 0;
			files = (
				OBJ_41 /* Package.swift in Sources */,
			);
			runOnlyForDeploymentPostprocessing = 0;
		};
		OBJ_46 /* Sources */ = {
			isa = PBXSourcesBuildPhase;
			buildActionMask = 0;
			files = (
				OBJ_47 /* OfxMapTests.swift in Sources */,
				OBJ_48 /* OfxValueTests.swift in Sources */,
				OBJ_49 /* QfxV1ParserTests.swift in Sources */,
				OBJ_50 /* QqlResultsConverterTests.swift in Sources */,
				OBJ_51 /* QqlSelectQueryTests.swift in Sources */,
			);
			runOnlyForDeploymentPostprocessing = 0;
		};
		OBJ_60 /* Sources */ = {
			isa = PBXSourcesBuildPhase;
			buildActionMask = 0;
			files = (
				OBJ_61 /* Converter.swift in Sources */,
				OBJ_62 /* ObjCBool+linux.swift in Sources */,
				OBJ_63 /* main.swift in Sources */,
			);
			runOnlyForDeploymentPostprocessing = 0;
		};
		OBJ_70 /* Sources */ = {
			isa = PBXSourcesBuildPhase;
			buildActionMask = 0;
			files = (
				OBJ_71 /* OfxMap.swift in Sources */,
				OBJ_72 /* OfxValue.swift in Sources */,
				OBJ_73 /* QfxFormatError.swift in Sources */,
				OBJ_74 /* QfxObject.swift in Sources */,
				OBJ_75 /* QfxParser.swift in Sources */,
				OBJ_76 /* QfxV1Parser.swift in Sources */,
				OBJ_77 /* QfxV2Parser.swift in Sources */,
				OBJ_78 /* QqlArgument.swift in Sources */,
				OBJ_79 /* QqlQuery.swift in Sources */,
				OBJ_80 /* QqlResultsConverter.swift in Sources */,
				OBJ_81 /* QqlSelectQuery.swift in Sources */,
				OBJ_82 /* String+subscript.swift in Sources */,
			);
			runOnlyForDeploymentPostprocessing = 0;
		};
/* End PBXSourcesBuildPhase section */

/* Begin PBXTargetDependency section */
		OBJ_54 /* PBXTargetDependency */ = {
			isa = PBXTargetDependency;
			target = "QfxConverter::QfxConverterLib" /* QfxConverterLib */;
			targetProxy = 4DE7DC03206A0420004B3631 /* PBXContainerItemProxy */;
		};
		OBJ_66 /* PBXTargetDependency */ = {
			isa = PBXTargetDependency;
			target = "QfxConverter::QfxConverterLib" /* QfxConverterLib */;
			targetProxy = 4DE7DC02206A0420004B3631 /* PBXContainerItemProxy */;
		};
		OBJ_88 /* PBXTargetDependency */ = {
			isa = PBXTargetDependency;
			target = "QfxConverter::QfxConverterTests" /* QfxConverterTests */;
			targetProxy = 4DE7DC04206A0422004B3631 /* PBXContainerItemProxy */;
		};
/* End PBXTargetDependency section */

/* Begin XCBuildConfiguration section */
		OBJ_3 /* Debug */ = {
			isa = XCBuildConfiguration;
			buildSettings = {
				CLANG_ENABLE_OBJC_ARC = YES;
				COMBINE_HIDPI_IMAGES = YES;
				COPY_PHASE_STRIP = NO;
				DEBUG_INFORMATION_FORMAT = dwarf;
				DYLIB_INSTALL_NAME_BASE = "@rpath";
				ENABLE_NS_ASSERTIONS = YES;
				GCC_OPTIMIZATION_LEVEL = 0;
				MACOSX_DEPLOYMENT_TARGET = 10.10;
				ONLY_ACTIVE_ARCH = YES;
				OTHER_SWIFT_FLAGS = "-DXcode";
				PRODUCT_NAME = "$(TARGET_NAME)";
				SDKROOT = macosx;
				SUPPORTED_PLATFORMS = "macosx iphoneos iphonesimulator appletvos appletvsimulator watchos watchsimulator";
				SWIFT_ACTIVE_COMPILATION_CONDITIONS = SWIFT_PACKAGE;
				SWIFT_OPTIMIZATION_LEVEL = "-Onone";
				USE_HEADERMAP = NO;
			};
			name = Debug;
		};
		OBJ_38 /* Debug */ = {
			isa = XCBuildConfiguration;
			buildSettings = {
				LD = /usr/bin/true;
				OTHER_SWIFT_FLAGS = "-swift-version 4 -I /Applications/Xcode.app/Contents/Developer/Toolchains/XcodeDefault.xctoolchain/usr/lib/swift/pm/4 -target x86_64-apple-macosx10.10 -sdk /Applications/Xcode.app/Contents/Developer/Platforms/MacOSX.platform/Developer/SDKs/MacOSX10.13.sdk";
				SWIFT_VERSION = 4.0;
			};
			name = Debug;
		};
		OBJ_39 /* Release */ = {
			isa = XCBuildConfiguration;
			buildSettings = {
				LD = /usr/bin/true;
				OTHER_SWIFT_FLAGS = "-swift-version 4 -I /Applications/Xcode.app/Contents/Developer/Toolchains/XcodeDefault.xctoolchain/usr/lib/swift/pm/4 -target x86_64-apple-macosx10.10 -sdk /Applications/Xcode.app/Contents/Developer/Platforms/MacOSX.platform/Developer/SDKs/MacOSX10.13.sdk";
				SWIFT_VERSION = 4.0;
			};
			name = Release;
		};
		OBJ_4 /* Release */ = {
			isa = XCBuildConfiguration;
			buildSettings = {
				CLANG_ENABLE_OBJC_ARC = YES;
				COMBINE_HIDPI_IMAGES = YES;
				COPY_PHASE_STRIP = YES;
				DEBUG_INFORMATION_FORMAT = "dwarf-with-dsym";
				DYLIB_INSTALL_NAME_BASE = "@rpath";
				GCC_OPTIMIZATION_LEVEL = s;
				MACOSX_DEPLOYMENT_TARGET = 10.10;
				OTHER_SWIFT_FLAGS = "-DXcode";
				PRODUCT_NAME = "$(TARGET_NAME)";
				SDKROOT = macosx;
				SUPPORTED_PLATFORMS = "macosx iphoneos iphonesimulator appletvos appletvsimulator watchos watchsimulator";
				SWIFT_ACTIVE_COMPILATION_CONDITIONS = SWIFT_PACKAGE;
				SWIFT_OPTIMIZATION_LEVEL = "-Owholemodule";
				USE_HEADERMAP = NO;
			};
			name = Release;
		};
		OBJ_44 /* Debug */ = {
			isa = XCBuildConfiguration;
			buildSettings = {
				EMBEDDED_CONTENT_CONTAINS_SWIFT = YES;
				FRAMEWORK_SEARCH_PATHS = (
					"$(inherited)",
					"$(PLATFORM_DIR)/Developer/Library/Frameworks",
				);
				HEADER_SEARCH_PATHS = "$(inherited)";
				INFOPLIST_FILE = QfxConverter.xcodeproj/QfxConverterTests_Info.plist;
				LD_RUNPATH_SEARCH_PATHS = "@loader_path/../Frameworks @loader_path/Frameworks";
				OTHER_LDFLAGS = "$(inherited)";
				OTHER_SWIFT_FLAGS = "$(inherited)";
				SWIFT_VERSION = 4.0;
				TARGET_NAME = QfxConverterTests;
			};
			name = Debug;
		};
		OBJ_45 /* Release */ = {
			isa = XCBuildConfiguration;
			buildSettings = {
				EMBEDDED_CONTENT_CONTAINS_SWIFT = YES;
				FRAMEWORK_SEARCH_PATHS = (
					"$(inherited)",
					"$(PLATFORM_DIR)/Developer/Library/Frameworks",
				);
				HEADER_SEARCH_PATHS = "$(inherited)";
				INFOPLIST_FILE = QfxConverter.xcodeproj/QfxConverterTests_Info.plist;
				LD_RUNPATH_SEARCH_PATHS = "@loader_path/../Frameworks @loader_path/Frameworks";
				OTHER_LDFLAGS = "$(inherited)";
				OTHER_SWIFT_FLAGS = "$(inherited)";
				SWIFT_VERSION = 4.0;
				TARGET_NAME = QfxConverterTests;
			};
			name = Release;
		};
		OBJ_58 /* Debug */ = {
			isa = XCBuildConfiguration;
			buildSettings = {
				FRAMEWORK_SEARCH_PATHS = (
					"$(inherited)",
					"$(PLATFORM_DIR)/Developer/Library/Frameworks",
				);
				HEADER_SEARCH_PATHS = "$(inherited)";
				INFOPLIST_FILE = QfxConverter.xcodeproj/QfxConverter_Info.plist;
				LD_RUNPATH_SEARCH_PATHS = "$(TOOLCHAIN_DIR)/usr/lib/swift/macosx @executable_path";
				OTHER_LDFLAGS = "$(inherited)";
				OTHER_SWIFT_FLAGS = "$(inherited)";
				SWIFT_FORCE_DYNAMIC_LINK_STDLIB = YES;
				SWIFT_FORCE_STATIC_LINK_STDLIB = NO;
				SWIFT_VERSION = 4.0;
				TARGET_NAME = QfxConverter;
			};
			name = Debug;
		};
		OBJ_59 /* Release */ = {
			isa = XCBuildConfiguration;
			buildSettings = {
				FRAMEWORK_SEARCH_PATHS = (
					"$(inherited)",
					"$(PLATFORM_DIR)/Developer/Library/Frameworks",
				);
				HEADER_SEARCH_PATHS = "$(inherited)";
				INFOPLIST_FILE = QfxConverter.xcodeproj/QfxConverter_Info.plist;
				LD_RUNPATH_SEARCH_PATHS = "$(TOOLCHAIN_DIR)/usr/lib/swift/macosx @executable_path";
				OTHER_LDFLAGS = "$(inherited)";
				OTHER_SWIFT_FLAGS = "$(inherited)";
				SWIFT_FORCE_DYNAMIC_LINK_STDLIB = YES;
				SWIFT_FORCE_STATIC_LINK_STDLIB = NO;
				SWIFT_VERSION = 4.0;
				TARGET_NAME = QfxConverter;
			};
			name = Release;
		};
		OBJ_68 /* Debug */ = {
			isa = XCBuildConfiguration;
			buildSettings = {
				ENABLE_TESTABILITY = YES;
				FRAMEWORK_SEARCH_PATHS = (
					"$(inherited)",
					"$(PLATFORM_DIR)/Developer/Library/Frameworks",
				);
				HEADER_SEARCH_PATHS = "$(inherited)";
				INFOPLIST_FILE = QfxConverter.xcodeproj/QfxConverterLib_Info.plist;
				LD_RUNPATH_SEARCH_PATHS = "$(TOOLCHAIN_DIR)/usr/lib/swift/macosx";
				OTHER_LDFLAGS = "$(inherited)";
				OTHER_SWIFT_FLAGS = "$(inherited)";
				PRODUCT_BUNDLE_IDENTIFIER = QfxConverterLib;
				PRODUCT_MODULE_NAME = "$(TARGET_NAME:c99extidentifier)";
				PRODUCT_NAME = "$(TARGET_NAME:c99extidentifier)";
				SKIP_INSTALL = YES;
				SWIFT_VERSION = 4.0;
				TARGET_NAME = QfxConverterLib;
			};
			name = Debug;
		};
		OBJ_69 /* Release */ = {
			isa = XCBuildConfiguration;
			buildSettings = {
				ENABLE_TESTABILITY = YES;
				FRAMEWORK_SEARCH_PATHS = (
					"$(inherited)",
					"$(PLATFORM_DIR)/Developer/Library/Frameworks",
				);
				HEADER_SEARCH_PATHS = "$(inherited)";
				INFOPLIST_FILE = QfxConverter.xcodeproj/QfxConverterLib_Info.plist;
				LD_RUNPATH_SEARCH_PATHS = "$(TOOLCHAIN_DIR)/usr/lib/swift/macosx";
				OTHER_LDFLAGS = "$(inherited)";
				OTHER_SWIFT_FLAGS = "$(inherited)";
				PRODUCT_BUNDLE_IDENTIFIER = QfxConverterLib;
				PRODUCT_MODULE_NAME = "$(TARGET_NAME:c99extidentifier)";
				PRODUCT_NAME = "$(TARGET_NAME:c99extidentifier)";
				SKIP_INSTALL = YES;
				SWIFT_VERSION = 4.0;
				TARGET_NAME = QfxConverterLib;
			};
			name = Release;
		};
		OBJ_86 /* Debug */ = {
			isa = XCBuildConfiguration;
			buildSettings = {
			};
			name = Debug;
		};
		OBJ_87 /* Release */ = {
			isa = XCBuildConfiguration;
			buildSettings = {
			};
			name = Release;
		};
/* End XCBuildConfiguration section */

/* Begin XCConfigurationList section */
		OBJ_2 /* Build configuration list for PBXProject "QfxConverter" */ = {
			isa = XCConfigurationList;
			buildConfigurations = (
				OBJ_3 /* Debug */,
				OBJ_4 /* Release */,
			);
			defaultConfigurationIsVisible = 0;
			defaultConfigurationName = Debug;
		};
		OBJ_37 /* Build configuration list for PBXNativeTarget "QfxConverterPackageDescription" */ = {
			isa = XCConfigurationList;
			buildConfigurations = (
				OBJ_38 /* Debug */,
				OBJ_39 /* Release */,
			);
			defaultConfigurationIsVisible = 0;
			defaultConfigurationName = Debug;
		};
		OBJ_43 /* Build configuration list for PBXNativeTarget "QfxConverterTests" */ = {
			isa = XCConfigurationList;
			buildConfigurations = (
				OBJ_44 /* Debug */,
				OBJ_45 /* Release */,
			);
			defaultConfigurationIsVisible = 0;
			defaultConfigurationName = Debug;
		};
		OBJ_57 /* Build configuration list for PBXNativeTarget "QfxConverter" */ = {
			isa = XCConfigurationList;
			buildConfigurations = (
				OBJ_58 /* Debug */,
				OBJ_59 /* Release */,
			);
			defaultConfigurationIsVisible = 0;
			defaultConfigurationName = Debug;
		};
		OBJ_67 /* Build configuration list for PBXNativeTarget "QfxConverterLib" */ = {
			isa = XCConfigurationList;
			buildConfigurations = (
				OBJ_68 /* Debug */,
				OBJ_69 /* Release */,
			);
			defaultConfigurationIsVisible = 0;
			defaultConfigurationName = Debug;
		};
		OBJ_85 /* Build configuration list for PBXAggregateTarget "QfxConverterPackageTests" */ = {
			isa = XCConfigurationList;
			buildConfigurations = (
				OBJ_86 /* Debug */,
				OBJ_87 /* Release */,
			);
			defaultConfigurationIsVisible = 0;
			defaultConfigurationName = Debug;
		};
/* End XCConfigurationList section */
	};
	rootObject = OBJ_1 /* Project object */;
}
