// !$*UTF8*$!
{
	archiveVersion = 1;
	classes = {
	};
	objectVersion = 48;
	objects = {

/* Begin PBXBuildFile section */
		4DBE42BC2065F55600103290 /* main.swift in Sources */ = {isa = PBXBuildFile; fileRef = 4DBE42BB2065F55600103290 /* main.swift */; };
		4DBE42C32065F70200103290 /* Converter.swift in Sources */ = {isa = PBXBuildFile; fileRef = 4DBE42C22065F70200103290 /* Converter.swift */; };
		4DBE42C52065F85D00103290 /* QfxParser.swift in Sources */ = {isa = PBXBuildFile; fileRef = 4DBE42C42065F85D00103290 /* QfxParser.swift */; };
		4DBE42C72065F96800103290 /* QfxV1Parser.swift in Sources */ = {isa = PBXBuildFile; fileRef = 4DBE42C62065F96800103290 /* QfxV1Parser.swift */; };
		4DBE42C92065FB4300103290 /* QfxObject.swift in Sources */ = {isa = PBXBuildFile; fileRef = 4DBE42C82065FB4300103290 /* QfxObject.swift */; };
		4DBE42CB2065FC4100103290 /* QfxFormatError.swift in Sources */ = {isa = PBXBuildFile; fileRef = 4DBE42CA2065FC4100103290 /* QfxFormatError.swift */; };
		4DBE42CD2065FCFA00103290 /* QfxV2Parser.swift in Sources */ = {isa = PBXBuildFile; fileRef = 4DBE42CC2065FCFA00103290 /* QfxV2Parser.swift */; };
		4DBE42CF2065FE1300103290 /* OfxValue.swift in Sources */ = {isa = PBXBuildFile; fileRef = 4DBE42CE2065FE1300103290 /* OfxValue.swift */; };
		4DBE42D7206602B900103290 /* QfxV1ParserTests.swift in Sources */ = {isa = PBXBuildFile; fileRef = 4DBE42D6206602B900103290 /* QfxV1ParserTests.swift */; };
		4DBE42DC206602E600103290 /* QfxV1Parser.swift in Sources */ = {isa = PBXBuildFile; fileRef = 4DBE42C62065F96800103290 /* QfxV1Parser.swift */; };
		4DBE42DD2066035800103290 /* QfxObject.swift in Sources */ = {isa = PBXBuildFile; fileRef = 4DBE42C82065FB4300103290 /* QfxObject.swift */; };
		4DBE42DE2066036300103290 /* OfxValue.swift in Sources */ = {isa = PBXBuildFile; fileRef = 4DBE42CE2065FE1300103290 /* OfxValue.swift */; };
		4DBE42DF2066036800103290 /* QfxFormatError.swift in Sources */ = {isa = PBXBuildFile; fileRef = 4DBE42CA2065FC4100103290 /* QfxFormatError.swift */; };
		4DBE42E1206608A900103290 /* OfxValueTests.swift in Sources */ = {isa = PBXBuildFile; fileRef = 4DBE42E0206608A900103290 /* OfxValueTests.swift */; };
		4DBE42E520660DBB00103290 /* OfxMap.swift in Sources */ = {isa = PBXBuildFile; fileRef = 4DBE42E420660DBB00103290 /* OfxMap.swift */; };
		4DBE42E620660DBE00103290 /* OfxMap.swift in Sources */ = {isa = PBXBuildFile; fileRef = 4DBE42E420660DBB00103290 /* OfxMap.swift */; };
		4DBE42E820660DF000103290 /* OfxMapTests.swift in Sources */ = {isa = PBXBuildFile; fileRef = 4DBE42E720660DF000103290 /* OfxMapTests.swift */; };
/* End PBXBuildFile section */

/* Begin PBXCopyFilesBuildPhase section */
		4DBE42B62065F55600103290 /* CopyFiles */ = {
			isa = PBXCopyFilesBuildPhase;
			buildActionMask = 2147483647;
			dstPath = /usr/share/man/man1/;
			dstSubfolderSpec = 0;
			files = (
			);
			runOnlyForDeploymentPostprocessing = 1;
		};
/* End PBXCopyFilesBuildPhase section */

/* Begin PBXFileReference section */
		4DBE42B82065F55600103290 /* QfxConverter */ = {isa = PBXFileReference; explicitFileType = "compiled.mach-o.executable"; includeInIndex = 0; path = QfxConverter; sourceTree = BUILT_PRODUCTS_DIR; };
		4DBE42BB2065F55600103290 /* main.swift */ = {isa = PBXFileReference; lastKnownFileType = sourcecode.swift; path = main.swift; sourceTree = "<group>"; };
		4DBE42C22065F70200103290 /* Converter.swift */ = {isa = PBXFileReference; lastKnownFileType = sourcecode.swift; path = Converter.swift; sourceTree = "<group>"; };
		4DBE42C42065F85D00103290 /* QfxParser.swift */ = {isa = PBXFileReference; lastKnownFileType = sourcecode.swift; path = QfxParser.swift; sourceTree = "<group>"; };
		4DBE42C62065F96800103290 /* QfxV1Parser.swift */ = {isa = PBXFileReference; lastKnownFileType = sourcecode.swift; path = QfxV1Parser.swift; sourceTree = "<group>"; };
		4DBE42C82065FB4300103290 /* QfxObject.swift */ = {isa = PBXFileReference; lastKnownFileType = sourcecode.swift; path = QfxObject.swift; sourceTree = "<group>"; };
		4DBE42CA2065FC4100103290 /* QfxFormatError.swift */ = {isa = PBXFileReference; lastKnownFileType = sourcecode.swift; path = QfxFormatError.swift; sourceTree = "<group>"; };
		4DBE42CC2065FCFA00103290 /* QfxV2Parser.swift */ = {isa = PBXFileReference; lastKnownFileType = sourcecode.swift; path = QfxV2Parser.swift; sourceTree = "<group>"; };
		4DBE42CE2065FE1300103290 /* OfxValue.swift */ = {isa = PBXFileReference; lastKnownFileType = sourcecode.swift; path = OfxValue.swift; sourceTree = "<group>"; };
		4DBE42D4206602B900103290 /* QfxConverterTests.xctest */ = {isa = PBXFileReference; explicitFileType = wrapper.cfbundle; includeInIndex = 0; path = QfxConverterTests.xctest; sourceTree = BUILT_PRODUCTS_DIR; };
		4DBE42D6206602B900103290 /* QfxV1ParserTests.swift */ = {isa = PBXFileReference; lastKnownFileType = sourcecode.swift; path = QfxV1ParserTests.swift; sourceTree = "<group>"; };
		4DBE42D8206602B900103290 /* Info.plist */ = {isa = PBXFileReference; lastKnownFileType = text.plist.xml; path = Info.plist; sourceTree = "<group>"; };
		4DBE42E0206608A900103290 /* OfxValueTests.swift */ = {isa = PBXFileReference; lastKnownFileType = sourcecode.swift; path = OfxValueTests.swift; sourceTree = "<group>"; };
		4DBE42E420660DBB00103290 /* OfxMap.swift */ = {isa = PBXFileReference; lastKnownFileType = sourcecode.swift; path = OfxMap.swift; sourceTree = "<group>"; };
		4DBE42E720660DF000103290 /* OfxMapTests.swift */ = {isa = PBXFileReference; lastKnownFileType = sourcecode.swift; path = OfxMapTests.swift; sourceTree = "<group>"; };
/* End PBXFileReference section */

/* Begin PBXFrameworksBuildPhase section */
		4DBE42B52065F55600103290 /* Frameworks */ = {
			isa = PBXFrameworksBuildPhase;
			buildActionMask = 2147483647;
			files = (
			);
			runOnlyForDeploymentPostprocessing = 0;
		};
		4DBE42D1206602B900103290 /* Frameworks */ = {
			isa = PBXFrameworksBuildPhase;
			buildActionMask = 2147483647;
			files = (
			);
			runOnlyForDeploymentPostprocessing = 0;
		};
/* End PBXFrameworksBuildPhase section */

/* Begin PBXGroup section */
		4DBE42AF2065F55600103290 = {
			isa = PBXGroup;
			children = (
				4DBE42BA2065F55600103290 /* QfxConverter */,
				4DBE42D5206602B900103290 /* QfxConverterTests */,
				4DBE42B92065F55600103290 /* Products */,
			);
			sourceTree = "<group>";
		};
		4DBE42B92065F55600103290 /* Products */ = {
			isa = PBXGroup;
			children = (
				4DBE42B82065F55600103290 /* QfxConverter */,
				4DBE42D4206602B900103290 /* QfxConverterTests.xctest */,
			);
			name = Products;
			sourceTree = "<group>";
		};
		4DBE42BA2065F55600103290 /* QfxConverter */ = {
			isa = PBXGroup;
			children = (
				4DBE42BB2065F55600103290 /* main.swift */,
				4DBE42C22065F70200103290 /* Converter.swift */,
				4DBE42CA2065FC4100103290 /* QfxFormatError.swift */,
				4DBE42C42065F85D00103290 /* QfxParser.swift */,
				4DBE42C82065FB4300103290 /* QfxObject.swift */,
				4DBE42E420660DBB00103290 /* OfxMap.swift */,
				4DBE42CE2065FE1300103290 /* OfxValue.swift */,
				4DBE42C62065F96800103290 /* QfxV1Parser.swift */,
				4DBE42CC2065FCFA00103290 /* QfxV2Parser.swift */,
			);
			path = QfxConverter;
			sourceTree = "<group>";
		};
		4DBE42D5206602B900103290 /* QfxConverterTests */ = {
			isa = PBXGroup;
			children = (
				4DBE42E720660DF000103290 /* OfxMapTests.swift */,
				4DBE42E0206608A900103290 /* OfxValueTests.swift */,
				4DBE42D6206602B900103290 /* QfxV1ParserTests.swift */,
				4DBE42D8206602B900103290 /* Info.plist */,
			);
			path = QfxConverterTests;
			sourceTree = "<group>";
		};
/* End PBXGroup section */

/* Begin PBXNativeTarget section */
		4DBE42B72065F55600103290 /* QfxConverter */ = {
			isa = PBXNativeTarget;
			buildConfigurationList = 4DBE42BF2065F55600103290 /* Build configuration list for PBXNativeTarget "QfxConverter" */;
			buildPhases = (
				4DBE42B42065F55600103290 /* Sources */,
				4DBE42B52065F55600103290 /* Frameworks */,
				4DBE42B62065F55600103290 /* CopyFiles */,
			);
			buildRules = (
			);
			dependencies = (
			);
			name = QfxConverter;
			productName = QfxConverter;
			productReference = 4DBE42B82065F55600103290 /* QfxConverter */;
			productType = "com.apple.product-type.tool";
		};
		4DBE42D3206602B900103290 /* QfxConverterTests */ = {
			isa = PBXNativeTarget;
			buildConfigurationList = 4DBE42D9206602B900103290 /* Build configuration list for PBXNativeTarget "QfxConverterTests" */;
			buildPhases = (
				4DBE42D0206602B900103290 /* Sources */,
				4DBE42D1206602B900103290 /* Frameworks */,
				4DBE42D2206602B900103290 /* Resources */,
			);
			buildRules = (
			);
			dependencies = (
			);
			name = QfxConverterTests;
			productName = QfxConverterTests;
			productReference = 4DBE42D4206602B900103290 /* QfxConverterTests.xctest */;
			productType = "com.apple.product-type.bundle.unit-test";
		};
/* End PBXNativeTarget section */

/* Begin PBXProject section */
		4DBE42B02065F55600103290 /* Project object */ = {
			isa = PBXProject;
			attributes = {
				LastSwiftUpdateCheck = 0920;
				LastUpgradeCheck = 0920;
				ORGANIZATIONNAME = "Pavel Samarkin";
				TargetAttributes = {
					4DBE42B72065F55600103290 = {
						CreatedOnToolsVersion = 9.2;
						ProvisioningStyle = Automatic;
					};
					4DBE42D3206602B900103290 = {
						CreatedOnToolsVersion = 9.2;
						ProvisioningStyle = Automatic;
					};
				};
			};
			buildConfigurationList = 4DBE42B32065F55600103290 /* Build configuration list for PBXProject "QfxConverter" */;
			compatibilityVersion = "Xcode 8.0";
			developmentRegion = en;
			hasScannedForEncodings = 0;
			knownRegions = (
				en,
			);
			mainGroup = 4DBE42AF2065F55600103290;
			productRefGroup = 4DBE42B92065F55600103290 /* Products */;
			projectDirPath = "";
			projectRoot = "";
			targets = (
				4DBE42B72065F55600103290 /* QfxConverter */,
				4DBE42D3206602B900103290 /* QfxConverterTests */,
			);
		};
/* End PBXProject section */

/* Begin PBXResourcesBuildPhase section */
		4DBE42D2206602B900103290 /* Resources */ = {
			isa = PBXResourcesBuildPhase;
			buildActionMask = 2147483647;
			files = (
			);
			runOnlyForDeploymentPostprocessing = 0;
		};
/* End PBXResourcesBuildPhase section */

/* Begin PBXSourcesBuildPhase section */
		4DBE42B42065F55600103290 /* Sources */ = {
			isa = PBXSourcesBuildPhase;
			buildActionMask = 2147483647;
			files = (
				4DBE42C92065FB4300103290 /* QfxObject.swift in Sources */,
				4DBE42CB2065FC4100103290 /* QfxFormatError.swift in Sources */,
				4DBE42CD2065FCFA00103290 /* QfxV2Parser.swift in Sources */,
				4DBE42C32065F70200103290 /* Converter.swift in Sources */,
				4DBE42BC2065F55600103290 /* main.swift in Sources */,
				4DBE42C52065F85D00103290 /* QfxParser.swift in Sources */,
				4DBE42E520660DBB00103290 /* OfxMap.swift in Sources */,
				4DBE42CF2065FE1300103290 /* OfxValue.swift in Sources */,
				4DBE42C72065F96800103290 /* QfxV1Parser.swift in Sources */,
			);
			runOnlyForDeploymentPostprocessing = 0;
		};
		4DBE42D0206602B900103290 /* Sources */ = {
			isa = PBXSourcesBuildPhase;
			buildActionMask = 2147483647;
			files = (
				4DBE42DF2066036800103290 /* QfxFormatError.swift in Sources */,
				4DBE42E1206608A900103290 /* OfxValueTests.swift in Sources */,
				4DBE42E820660DF000103290 /* OfxMapTests.swift in Sources */,
				4DBE42E620660DBE00103290 /* OfxMap.swift in Sources */,
				4DBE42D7206602B900103290 /* QfxV1ParserTests.swift in Sources */,
				4DBE42DC206602E600103290 /* QfxV1Parser.swift in Sources */,
				4DBE42DE2066036300103290 /* OfxValue.swift in Sources */,
				4DBE42DD2066035800103290 /* QfxObject.swift in Sources */,
			);
			runOnlyForDeploymentPostprocessing = 0;
		};
/* End PBXSourcesBuildPhase section */

/* Begin XCBuildConfiguration section */
		4DBE42BD2065F55600103290 /* Debug */ = {
			isa = XCBuildConfiguration;
			buildSettings = {
				ALWAYS_SEARCH_USER_PATHS = NO;
				CLANG_ANALYZER_NONNULL = YES;
				CLANG_ANALYZER_NUMBER_OBJECT_CONVERSION = YES_AGGRESSIVE;
				CLANG_CXX_LANGUAGE_STANDARD = "gnu++14";
				CLANG_CXX_LIBRARY = "libc++";
				CLANG_ENABLE_MODULES = YES;
				CLANG_ENABLE_OBJC_ARC = YES;
				CLANG_WARN_BLOCK_CAPTURE_AUTORELEASING = YES;
				CLANG_WARN_BOOL_CONVERSION = YES;
				CLANG_WARN_COMMA = YES;
				CLANG_WARN_CONSTANT_CONVERSION = YES;
				CLANG_WARN_DIRECT_OBJC_ISA_USAGE = YES_ERROR;
				CLANG_WARN_DOCUMENTATION_COMMENTS = YES;
				CLANG_WARN_EMPTY_BODY = YES;
				CLANG_WARN_ENUM_CONVERSION = YES;
				CLANG_WARN_INFINITE_RECURSION = YES;
				CLANG_WARN_INT_CONVERSION = YES;
				CLANG_WARN_NON_LITERAL_NULL_CONVERSION = YES;
				CLANG_WARN_OBJC_LITERAL_CONVERSION = YES;
				CLANG_WARN_OBJC_ROOT_CLASS = YES_ERROR;
				CLANG_WARN_RANGE_LOOP_ANALYSIS = YES;
				CLANG_WARN_STRICT_PROTOTYPES = YES;
				CLANG_WARN_SUSPICIOUS_MOVE = YES;
				CLANG_WARN_UNGUARDED_AVAILABILITY = YES_AGGRESSIVE;
				CLANG_WARN_UNREACHABLE_CODE = YES;
				CLANG_WARN__DUPLICATE_METHOD_MATCH = YES;
				CODE_SIGN_IDENTITY = "Mac Developer";
				COPY_PHASE_STRIP = NO;
				DEBUG_INFORMATION_FORMAT = dwarf;
				ENABLE_STRICT_OBJC_MSGSEND = YES;
				ENABLE_TESTABILITY = YES;
				GCC_C_LANGUAGE_STANDARD = gnu11;
				GCC_DYNAMIC_NO_PIC = NO;
				GCC_NO_COMMON_BLOCKS = YES;
				GCC_OPTIMIZATION_LEVEL = 0;
				GCC_PREPROCESSOR_DEFINITIONS = (
					"DEBUG=1",
					"$(inherited)",
				);
				GCC_WARN_64_TO_32_BIT_CONVERSION = YES;
				GCC_WARN_ABOUT_RETURN_TYPE = YES_ERROR;
				GCC_WARN_UNDECLARED_SELECTOR = YES;
				GCC_WARN_UNINITIALIZED_AUTOS = YES_AGGRESSIVE;
				GCC_WARN_UNUSED_FUNCTION = YES;
				GCC_WARN_UNUSED_VARIABLE = YES;
				MACOSX_DEPLOYMENT_TARGET = 10.13;
				MTL_ENABLE_DEBUG_INFO = YES;
				ONLY_ACTIVE_ARCH = YES;
				SDKROOT = macosx;
				SWIFT_ACTIVE_COMPILATION_CONDITIONS = DEBUG;
				SWIFT_OPTIMIZATION_LEVEL = "-Onone";
			};
			name = Debug;
		};
		4DBE42BE2065F55600103290 /* Release */ = {
			isa = XCBuildConfiguration;
			buildSettings = {
				ALWAYS_SEARCH_USER_PATHS = NO;
				CLANG_ANALYZER_NONNULL = YES;
				CLANG_ANALYZER_NUMBER_OBJECT_CONVERSION = YES_AGGRESSIVE;
				CLANG_CXX_LANGUAGE_STANDARD = "gnu++14";
				CLANG_CXX_LIBRARY = "libc++";
				CLANG_ENABLE_MODULES = YES;
				CLANG_ENABLE_OBJC_ARC = YES;
				CLANG_WARN_BLOCK_CAPTURE_AUTORELEASING = YES;
				CLANG_WARN_BOOL_CONVERSION = YES;
				CLANG_WARN_COMMA = YES;
				CLANG_WARN_CONSTANT_CONVERSION = YES;
				CLANG_WARN_DIRECT_OBJC_ISA_USAGE = YES_ERROR;
				CLANG_WARN_DOCUMENTATION_COMMENTS = YES;
				CLANG_WARN_EMPTY_BODY = YES;
				CLANG_WARN_ENUM_CONVERSION = YES;
				CLANG_WARN_INFINITE_RECURSION = YES;
				CLANG_WARN_INT_CONVERSION = YES;
				CLANG_WARN_NON_LITERAL_NULL_CONVERSION = YES;
				CLANG_WARN_OBJC_LITERAL_CONVERSION = YES;
				CLANG_WARN_OBJC_ROOT_CLASS = YES_ERROR;
				CLANG_WARN_RANGE_LOOP_ANALYSIS = YES;
				CLANG_WARN_STRICT_PROTOTYPES = YES;
				CLANG_WARN_SUSPICIOUS_MOVE = YES;
				CLANG_WARN_UNGUARDED_AVAILABILITY = YES_AGGRESSIVE;
				CLANG_WARN_UNREACHABLE_CODE = YES;
				CLANG_WARN__DUPLICATE_METHOD_MATCH = YES;
				CODE_SIGN_IDENTITY = "Mac Developer";
				COPY_PHASE_STRIP = NO;
				DEBUG_INFORMATION_FORMAT = "dwarf-with-dsym";
				ENABLE_NS_ASSERTIONS = NO;
				ENABLE_STRICT_OBJC_MSGSEND = YES;
				GCC_C_LANGUAGE_STANDARD = gnu11;
				GCC_NO_COMMON_BLOCKS = YES;
				GCC_WARN_64_TO_32_BIT_CONVERSION = YES;
				GCC_WARN_ABOUT_RETURN_TYPE = YES_ERROR;
				GCC_WARN_UNDECLARED_SELECTOR = YES;
				GCC_WARN_UNINITIALIZED_AUTOS = YES_AGGRESSIVE;
				GCC_WARN_UNUSED_FUNCTION = YES;
				GCC_WARN_UNUSED_VARIABLE = YES;
				MACOSX_DEPLOYMENT_TARGET = 10.13;
				MTL_ENABLE_DEBUG_INFO = NO;
				SDKROOT = macosx;
				SWIFT_OPTIMIZATION_LEVEL = "-Owholemodule";
			};
			name = Release;
		};
		4DBE42C02065F55600103290 /* Debug */ = {
			isa = XCBuildConfiguration;
			buildSettings = {
				CODE_SIGN_STYLE = Automatic;
				DEVELOPMENT_TEAM = 585KF8XX2F;
				PRODUCT_NAME = "$(TARGET_NAME)";
				SWIFT_VERSION = 4.0;
			};
			name = Debug;
		};
		4DBE42C12065F55600103290 /* Release */ = {
			isa = XCBuildConfiguration;
			buildSettings = {
				CODE_SIGN_STYLE = Automatic;
				DEVELOPMENT_TEAM = 585KF8XX2F;
				PRODUCT_NAME = "$(TARGET_NAME)";
				SWIFT_VERSION = 4.0;
			};
			name = Release;
		};
		4DBE42DA206602B900103290 /* Debug */ = {
			isa = XCBuildConfiguration;
			buildSettings = {
				CODE_SIGN_STYLE = Automatic;
				COMBINE_HIDPI_IMAGES = YES;
				DEVELOPMENT_TEAM = 585KF8XX2F;
				INFOPLIST_FILE = QfxConverterTests/Info.plist;
				LD_RUNPATH_SEARCH_PATHS = "$(inherited) @executable_path/../Frameworks @loader_path/../Frameworks";
				PRODUCT_BUNDLE_IDENTIFIER = net.samarkin.QfxConverterTests;
				PRODUCT_NAME = "$(TARGET_NAME)";
				SWIFT_VERSION = 4.0;
			};
			name = Debug;
		};
		4DBE42DB206602B900103290 /* Release */ = {
			isa = XCBuildConfiguration;
			buildSettings = {
				CODE_SIGN_STYLE = Automatic;
				COMBINE_HIDPI_IMAGES = YES;
				DEVELOPMENT_TEAM = 585KF8XX2F;
				INFOPLIST_FILE = QfxConverterTests/Info.plist;
				LD_RUNPATH_SEARCH_PATHS = "$(inherited) @executable_path/../Frameworks @loader_path/../Frameworks";
				PRODUCT_BUNDLE_IDENTIFIER = net.samarkin.QfxConverterTests;
				PRODUCT_NAME = "$(TARGET_NAME)";
				SWIFT_VERSION = 4.0;
			};
			name = Release;
		};
/* End XCBuildConfiguration section */

/* Begin XCConfigurationList section */
		4DBE42B32065F55600103290 /* Build configuration list for PBXProject "QfxConverter" */ = {
			isa = XCConfigurationList;
			buildConfigurations = (
				4DBE42BD2065F55600103290 /* Debug */,
				4DBE42BE2065F55600103290 /* Release */,
			);
			defaultConfigurationIsVisible = 0;
			defaultConfigurationName = Release;
		};
		4DBE42BF2065F55600103290 /* Build configuration list for PBXNativeTarget "QfxConverter" */ = {
			isa = XCConfigurationList;
			buildConfigurations = (
				4DBE42C02065F55600103290 /* Debug */,
				4DBE42C12065F55600103290 /* Release */,
			);
			defaultConfigurationIsVisible = 0;
			defaultConfigurationName = Release;
		};
		4DBE42D9206602B900103290 /* Build configuration list for PBXNativeTarget "QfxConverterTests" */ = {
			isa = XCConfigurationList;
			buildConfigurations = (
				4DBE42DA206602B900103290 /* Debug */,
				4DBE42DB206602B900103290 /* Release */,
			);
			defaultConfigurationIsVisible = 0;
			defaultConfigurationName = Release;
		};
/* End XCConfigurationList section */
	};
	rootObject = 4DBE42B02065F55600103290 /* Project object */;
}
